// !$*UTF8*$!
{
	archiveVersion = 1;
	classes = {
	};
	objectVersion = 46;
	objects = {

/* Begin PBXBuildFile section */
		1B58A2EF1F20EB2E0095FF86 /* AppDelegate.swift in Sources */ = {isa = PBXBuildFile; fileRef = 1B58A2EE1F20EB2E0095FF86 /* AppDelegate.swift */; };
		1B58A2F11F20EB2E0095FF86 /* ViewController.swift in Sources */ = {isa = PBXBuildFile; fileRef = 1B58A2F01F20EB2E0095FF86 /* ViewController.swift */; };
		1B58A2F41F20EB2E0095FF86 /* Main.storyboard in Resources */ = {isa = PBXBuildFile; fileRef = 1B58A2F21F20EB2E0095FF86 /* Main.storyboard */; };
		1B58A2F61F20EB2E0095FF86 /* Assets.xcassets in Resources */ = {isa = PBXBuildFile; fileRef = 1B58A2F51F20EB2E0095FF86 /* Assets.xcassets */; };
		1B58A2F91F20EB2E0095FF86 /* LaunchScreen.storyboard in Resources */ = {isa = PBXBuildFile; fileRef = 1B58A2F71F20EB2E0095FF86 /* LaunchScreen.storyboard */; };
		1B58A3011F20EB620095FF86 /* Jokes.swift in Sources */ = {isa = PBXBuildFile; fileRef = 1B58A3001F20EB620095FF86 /* Jokes.swift */; };
		1B58A3031F20EB830095FF86 /* Riddles.swift in Sources */ = {isa = PBXBuildFile; fileRef = 1B58A3021F20EB830095FF86 /* Riddles.swift */; };
/* End PBXBuildFile section */

/* Begin PBXFileReference section */
		1B58A2EB1F20EB2E0095FF86 /* Real Riddles & Jokes.app */ = {isa = PBXFileReference; explicitFileType = wrapper.application; includeInIndex = 0; path = "Real Riddles & Jokes.app"; sourceTree = BUILT_PRODUCTS_DIR; };
		1B58A2EE1F20EB2E0095FF86 /* AppDelegate.swift */ = {isa = PBXFileReference; lastKnownFileType = sourcecode.swift; path = AppDelegate.swift; sourceTree = "<group>"; };
		1B58A2F01F20EB2E0095FF86 /* ViewController.swift */ = {isa = PBXFileReference; lastKnownFileType = sourcecode.swift; path = ViewController.swift; sourceTree = "<group>"; };
		1B58A2F31F20EB2E0095FF86 /* Base */ = {isa = PBXFileReference; lastKnownFileType = file.storyboard; name = Base; path = Base.lproj/Main.storyboard; sourceTree = "<group>"; };
		1B58A2F51F20EB2E0095FF86 /* Assets.xcassets */ = {isa = PBXFileReference; lastKnownFileType = folder.assetcatalog; path = Assets.xcassets; sourceTree = "<group>"; };
		1B58A2F81F20EB2E0095FF86 /* Base */ = {isa = PBXFileReference; lastKnownFileType = file.storyboard; name = Base; path = Base.lproj/LaunchScreen.storyboard; sourceTree = "<group>"; };
		1B58A2FA1F20EB2E0095FF86 /* Info.plist */ = {isa = PBXFileReference; lastKnownFileType = text.plist.xml; path = Info.plist; sourceTree = "<group>"; };
		1B58A3001F20EB620095FF86 /* Jokes.swift */ = {isa = PBXFileReference; fileEncoding = 4; lastKnownFileType = sourcecode.swift; path = Jokes.swift; sourceTree = "<group>"; };
		1B58A3021F20EB830095FF86 /* Riddles.swift */ = {isa = PBXFileReference; fileEncoding = 4; lastKnownFileType = sourcecode.swift; path = Riddles.swift; sourceTree = "<group>"; };
/* End PBXFileReference section */

/* Begin PBXFrameworksBuildPhase section */
		1B58A2E81F20EB2E0095FF86 /* Frameworks */ = {
			isa = PBXFrameworksBuildPhase;
			buildActionMask = 2147483647;
			files = (
			);
			runOnlyForDeploymentPostprocessing = 0;
		};
/* End PBXFrameworksBuildPhase section */

/* Begin PBXGroup section */
		1B58A2E21F20EB2E0095FF86 = {
			isa = PBXGroup;
			children = (
				1B58A2ED1F20EB2E0095FF86 /* Real Riddles & Jokes */,
				1B58A2EC1F20EB2E0095FF86 /* Products */,
			);
			sourceTree = "<group>";
		};
		1B58A2EC1F20EB2E0095FF86 /* Products */ = {
			isa = PBXGroup;
			children = (
				1B58A2EB1F20EB2E0095FF86 /* Real Riddles & Jokes.app */,
			);
			name = Products;
			sourceTree = "<group>";
		};
		1B58A2ED1F20EB2E0095FF86 /* Real Riddles & Jokes */ = {
			isa = PBXGroup;
			children = (
				1B58A2EE1F20EB2E0095FF86 /* AppDelegate.swift */,
				1B58A3001F20EB620095FF86 /* Jokes.swift */,
				1B58A3021F20EB830095FF86 /* Riddles.swift */,
				1B58A2F01F20EB2E0095FF86 /* ViewController.swift */,
				1B58A2F21F20EB2E0095FF86 /* Main.storyboard */,
				1B58A2F51F20EB2E0095FF86 /* Assets.xcassets */,
				1B58A2F71F20EB2E0095FF86 /* LaunchScreen.storyboard */,
				1B58A2FA1F20EB2E0095FF86 /* Info.plist */,
			);
			path = "Real Riddles & Jokes";
			sourceTree = "<group>";
		};
/* End PBXGroup section */

/* Begin PBXNativeTarget section */
		1B58A2EA1F20EB2E0095FF86 /* Real Riddles & Jokes */ = {
			isa = PBXNativeTarget;
			buildConfigurationList = 1B58A2FD1F20EB2E0095FF86 /* Build configuration list for PBXNativeTarget "Real Riddles & Jokes" */;
			buildPhases = (
				1B58A2E71F20EB2E0095FF86 /* Sources */,
				1B58A2E81F20EB2E0095FF86 /* Frameworks */,
				1B58A2E91F20EB2E0095FF86 /* Resources */,
			);
			buildRules = (
			);
			dependencies = (
			);
			name = "Real Riddles & Jokes";
			productName = "Real Riddles & Jokes";
			productReference = 1B58A2EB1F20EB2E0095FF86 /* Real Riddles & Jokes.app */;
			productType = "com.apple.product-type.application";
		};
/* End PBXNativeTarget section */

/* Begin PBXProject section */
		1B58A2E31F20EB2E0095FF86 /* Project object */ = {
			isa = PBXProject;
			attributes = {
				LastSwiftUpdateCheck = 0830;
				LastUpgradeCheck = 0830;
				ORGANIZATIONNAME = "Upperline Code";
				TargetAttributes = {
					1B58A2EA1F20EB2E0095FF86 = {
						CreatedOnToolsVersion = 8.3.3;
						DevelopmentTeam = 5T3X52C9WM;
						ProvisioningStyle = Automatic;
					};
				};
			};
			buildConfigurationList = 1B58A2E61F20EB2E0095FF86 /* Build configuration list for PBXProject "Real Riddles & Jokes" */;
			compatibilityVersion = "Xcode 3.2";
			developmentRegion = English;
			hasScannedForEncodings = 0;
			knownRegions = (
				en,
				Base,
			);
			mainGroup = 1B58A2E21F20EB2E0095FF86;
			productRefGroup = 1B58A2EC1F20EB2E0095FF86 /* Products */;
			projectDirPath = "";
			projectRoot = "";
			targets = (
				1B58A2EA1F20EB2E0095FF86 /* Real Riddles & Jokes */,
			);
		};
/* End PBXProject section */

/* Begin PBXResourcesBuildPhase section */
		1B58A2E91F20EB2E0095FF86 /* Resources */ = {
			isa = PBXResourcesBuildPhase;
			buildActionMask = 2147483647;
			files = (
				1B58A2F91F20EB2E0095FF86 /* LaunchScreen.storyboard in Resources */,
				1B58A2F61F20EB2E0095FF86 /* Assets.xcassets in Resources */,
				1B58A2F41F20EB2E0095FF86 /* Main.storyboard in Resources */,
			);
			runOnlyForDeploymentPostprocessing = 0;
		};
/* End PBXResourcesBuildPhase section */

/* Begin PBXSourcesBuildPhase section */
		1B58A2E71F20EB2E0095FF86 /* Sources */ = {
			isa = PBXSourcesBuildPhase;
			buildActionMask = 2147483647;
			files = (
				1B58A2F11F20EB2E0095FF86 /* ViewController.swift in Sources */,
				1B58A3011F20EB620095FF86 /* Jokes.swift in Sources */,
				1B58A2EF1F20EB2E0095FF86 /* AppDelegate.swift in Sources */,
				1B58A3031F20EB830095FF86 /* Riddles.swift in Sources */,
			);
			runOnlyForDeploymentPostprocessing = 0;
		};
/* End PBXSourcesBuildPhase section */

/* Begin PBXVariantGroup section */
		1B58A2F21F20EB2E0095FF86 /* Main.storyboard */ = {
			isa = PBXVariantGroup;
			children = (
				1B58A2F31F20EB2E0095FF86 /* Base */,
			);
			name = Main.storyboard;
			sourceTree = "<group>";
		};
		1B58A2F71F20EB2E0095FF86 /* LaunchScreen.storyboard */ = {
			isa = PBXVariantGroup;
			children = (
				1B58A2F81F20EB2E0095FF86 /* Base */,
			);
			name = LaunchScreen.storyboard;
			sourceTree = "<group>";
		};
/* End PBXVariantGroup section */

/* Begin XCBuildConfiguration section */
		1B58A2FB1F20EB2E0095FF86 /* Debug */ = {
			isa = XCBuildConfiguration;
			buildSettings = {
				ALWAYS_SEARCH_USER_PATHS = NO;
				CLANG_ANALYZER_NONNULL = YES;
				CLANG_ANALYZER_NUMBER_OBJECT_CONVERSION = YES_AGGRESSIVE;
				CLANG_CXX_LANGUAGE_STANDARD = "gnu++0x";
				CLANG_CXX_LIBRARY = "libc++";
				CLANG_ENABLE_MODULES = YES;
				CLANG_ENABLE_OBJC_ARC = YES;
				CLANG_WARN_BOOL_CONVERSION = YES;
				CLANG_WARN_CONSTANT_CONVERSION = YES;
				CLANG_WARN_DIRECT_OBJC_ISA_USAGE = YES_ERROR;
				CLANG_WARN_DOCUMENTATION_COMMENTS = YES;
				CLANG_WARN_EMPTY_BODY = YES;
				CLANG_WARN_ENUM_CONVERSION = YES;
				CLANG_WARN_INFINITE_RECURSION = YES;
				CLANG_WARN_INT_CONVERSION = YES;
				CLANG_WARN_OBJC_ROOT_CLASS = YES_ERROR;
				CLANG_WARN_SUSPICIOUS_MOVE = YES;
				CLANG_WARN_UNREACHABLE_CODE = YES;
				CLANG_WARN__DUPLICATE_METHOD_MATCH = YES;
				"CODE_SIGN_IDENTITY[sdk=iphoneos*]" = "iPhone Developer";
				COPY_PHASE_STRIP = NO;
				DEBUG_INFORMATION_FORMAT = dwarf;
				ENABLE_STRICT_OBJC_MSGSEND = YES;
				ENABLE_TESTABILITY = YES;
				GCC_C_LANGUAGE_STANDARD = gnu99;
				GCC_DYNAMIC_NO_PIC = NO;
				GCC_NO_COMMON_BLOCKS = YES;
				GCC_OPTIMIZATION_LEVEL = 0;
				GCC_PREPROCESSOR_DEFINITIONS = (
					"DEBUG=1",
					"$(inherited)",
				);
				GCC_WARN_64_TO_32_BIT_CONVERSION = YES;
				GCC_WARN_ABOUT_RETURN_TYPE = YES_ERROR;
				GCC_WARN_UNDECLARED_SELECTOR = YES;
				GCC_WARN_UNINITIALIZED_AUTOS = YES_AGGRESSIVE;
				GCC_WARN_UNUSED_FUNCTION = YES;
				GCC_WARN_UNUSED_VARIABLE = YES;
				IPHONEOS_DEPLOYMENT_TARGET = 10.3;
				MTL_ENABLE_DEBUG_INFO = YES;
				ONLY_ACTIVE_ARCH = YES;
				SDKROOT = iphoneos;
				SWIFT_ACTIVE_COMPILATION_CONDITIONS = DEBUG;
				SWIFT_OPTIMIZATION_LEVEL = "-Onone";
				TARGETED_DEVICE_FAMILY = "1,2";
			};
			name = Debug;
		};
		1B58A2FC1F20EB2E0095FF86 /* Release */ = {
			isa = XCBuildConfiguration;
			buildSettings = {
				ALWAYS_SEARCH_USER_PATHS = NO;
				CLANG_ANALYZER_NONNULL = YES;
				CLANG_ANALYZER_NUMBER_OBJECT_CONVERSION = YES_AGGRESSIVE;
				CLANG_CXX_LANGUAGE_STANDARD = "gnu++0x";
				CLANG_CXX_LIBRARY = "libc++";
				CLANG_ENABLE_MODULES = YES;
				CLANG_ENABLE_OBJC_ARC = YES;
				CLANG_WARN_BOOL_CONVERSION = YES;
				CLANG_WARN_CONSTANT_CONVERSION = YES;
				CLANG_WARN_DIRECT_OBJC_ISA_USAGE = YES_ERROR;
				CLANG_WARN_DOCUMENTATION_COMMENTS = YES;
				CLANG_WARN_EMPTY_BODY = YES;
				CLANG_WARN_ENUM_CONVERSION = YES;
				CLANG_WARN_INFINITE_RECURSION = YES;
				CLANG_WARN_INT_CONVERSION = YES;
				CLANG_WARN_OBJC_ROOT_CLASS = YES_ERROR;
				CLANG_WARN_SUSPICIOUS_MOVE = YES;
				CLANG_WARN_UNREACHABLE_CODE = YES;
				CLANG_WARN__DUPLICATE_METHOD_MATCH = YES;
				"CODE_SIGN_IDENTITY[sdk=iphoneos*]" = "iPhone Developer";
				COPY_PHASE_STRIP = NO;
				DEBUG_INFORMATION_FORMAT = "dwarf-with-dsym";
				ENABLE_NS_ASSERTIONS = NO;
				ENABLE_STRICT_OBJC_MSGSEND = YES;
				GCC_C_LANGUAGE_STANDARD = gnu99;
				GCC_NO_COMMON_BLOCKS = YES;
				GCC_WARN_64_TO_32_BIT_CONVERSION = YES;
				GCC_WARN_ABOUT_RETURN_TYPE = YES_ERROR;
				GCC_WARN_UNDECLARED_SELECTOR = YES;
				GCC_WARN_UNINITIALIZED_AUTOS = YES_AGGRESSIVE;
				GCC_WARN_UNUSED_FUNCTION = YES;
				GCC_WARN_UNUSED_VARIABLE = YES;
				IPHONEOS_DEPLOYMENT_TARGET = 10.3;
				MTL_ENABLE_DEBUG_INFO = NO;
				SDKROOT = iphoneos;
				SWIFT_OPTIMIZATION_LEVEL = "-Owholemodule";
				TARGETED_DEVICE_FAMILY = "1,2";
				VALIDATE_PRODUCT = YES;
			};
			name = Release;
		};
		1B58A2FE1F20EB2E0095FF86 /* Debug */ = {
			isa = XCBuildConfiguration;
			buildSettings = {
				ASSETCATALOG_COMPILER_APPICON_NAME = AppIcon;
				DEVELOPMENT_TEAM = 5T3X52C9WM;
				INFOPLIST_FILE = "Real Riddles & Jokes/Info.plist";
				LD_RUNPATH_SEARCH_PATHS = "$(inherited) @executable_path/Frameworks";
				PRODUCT_BUNDLE_IDENTIFIER = "com.upperlinecode.Real-Riddles---Jokes";
				PRODUCT_NAME = "$(TARGET_NAME)";
				SWIFT_VERSION = 3.0;
			};
			name = Debug;
		};
		1B58A2FF1F20EB2E0095FF86 /* Release */ = {
			isa = XCBuildConfiguration;
			buildSettings = {
				ASSETCATALOG_COMPILER_APPICON_NAME = AppIcon;
				DEVELOPMENT_TEAM = 5T3X52C9WM;
				INFOPLIST_FILE = "Real Riddles & Jokes/Info.plist";
				LD_RUNPATH_SEARCH_PATHS = "$(inherited) @executable_path/Frameworks";
				PRODUCT_BUNDLE_IDENTIFIER = "com.upperlinecode.Real-Riddles---Jokes";
				PRODUCT_NAME = "$(TARGET_NAME)";
				SWIFT_VERSION = 3.0;
			};
			name = Release;
		};
/* End XCBuildConfiguration section */

/* Begin XCConfigurationList section */
		1B58A2E61F20EB2E0095FF86 /* Build configuration list for PBXProject "Real Riddles & Jokes" */ = {
			isa = XCConfigurationList;
			buildConfigurations = (
				1B58A2FB1F20EB2E0095FF86 /* Debug */,
				1B58A2FC1F20EB2E0095FF86 /* Release */,
			);
			defaultConfigurationIsVisible = 0;
			defaultConfigurationName = Release;
		};
		1B58A2FD1F20EB2E0095FF86 /* Build configuration list for PBXNativeTarget "Real Riddles & Jokes" */ = {
			isa = XCConfigurationList;
			buildConfigurations = (
				1B58A2FE1F20EB2E0095FF86 /* Debug */,
				1B58A2FF1F20EB2E0095FF86 /* Release */,
			);
			defaultConfigurationIsVisible = 0;
		};
/* End XCConfigurationList section */
	};
	rootObject = 1B58A2E31F20EB2E0095FF86 /* Project object */;
}
